{"projectHash":"a3ab5068aaa9418ef213454e70ed435fb8a1d136","productModuleName":"UnitTestSwiftCourse","sourceFilePaths":[{"path":"\/Users\/albertopalomarrobledo\/Desktop\/UnitTestSwiftCodigo\/UnitTestSwiftCourse\/UnitTestSwiftCourse\/AppDelegate.swift","hash":"f42e6ed5ee3927f6e38b755b76f8161458520d61"},{"path":"\/Users\/albertopalomarrobledo\/Desktop\/UnitTestSwiftCodigo\/UnitTestSwiftCourse\/UnitTestSwiftCourse\/SceneDelegate.swift","hash":"33358f7b9c3463f4491f106d96dcb037fe2a0e9f"},{"path":"\/Users\/albertopalomarrobledo\/Desktop\/UnitTestSwiftCodigo\/UnitTestSwiftCourse\/UnitTestSwiftCourse\/ViewController.swift","hash":"3485686aeba165137077379be61260ccccf27401"},{"path":"\/Users\/albertopalomarrobledo\/Desktop\/UnitTestSwiftCodigo\/UnitTestSwiftCourse\/UnitTestSwiftCourse\/mock\/Add.swift","hash":"de98d9b52f8111ae03fdde30b5c0ad9cce9e1c0b"},{"path":"\/Users\/albertopalomarrobledo\/Desktop\/UnitTestSwiftCodigo\/UnitTestSwiftCourse\/UnitTestSwiftCourse\/mock\/Print.swift","hash":"46bbba11b85a302b33e581c8c8207654ec405e40"},{"path":"\/Users\/albertopalomarrobledo\/Desktop\/UnitTestSwiftCodigo\/UnitTestSwiftCourse\/UnitTestSwiftCourse\/mock\/ValidNumber.swift","hash":"9c233d660a02b2db361093f0a89d4702ac1197d9"},{"path":"\/Users\/albertopalomarrobledo\/Desktop\/UnitTestSwiftCodigo\/UnitTestSwiftCourse\/UnitTestSwiftCourse\/xctest\/Calculator.swift","hash":"575eed01fefce498002974df70b1fdc883ba31e8"},{"path":"\/Users\/albertopalomarrobledo\/Desktop\/UnitTestSwiftCodigo\/UnitTestSwiftCourse\/UnitTestSwiftCourse\/xctest\/StringManager.swift","hash":"ea648c983a6eea001975f504c2e69e9851243389"},{"path":"\/Users\/albertopalomarrobledo\/Desktop\/UnitTestSwiftCodigo\/UnitTestSwiftCourse\/UnitTestSwiftCourse\/xctest\/TemperatureCalculator.swift","hash":"507afc5c1ef21e5588c3719815c3dc8dd7bcef64"}],"outputHash":"7182f5ea27cc0316c05519f95967a737d9a4633d","supportingFilePaths":[],"sourceRoot":"\/Users\/albertopalomarrobledo\/Desktop\/UnitTestSwiftCodigo\/UnitTestSwiftCourse","targetPathsHash":"c6d2eb3ff93f9d1aa2bcf78c1ab842a10da9edb8","dependencyPathsHash":"da39a3ee5e6b4b0d3255bfef95601890afd80709","dependencies":[],"name":"UnitTestSwiftCourse","cliVersion":"0.13.0"}