// !$*UTF8*$!
{
	archiveVersion = 1;
	classes = {
	};
	objectVersion = 50;
	objects = {

/* Begin PBXBuildFile section */
		F38B9620248D022D0085B82C /* AppDelegate.swift in Sources */ = {isa = PBXBuildFile; fileRef = F38B961F248D022D0085B82C /* AppDelegate.swift */; };
		F38B9622248D022D0085B82C /* SceneDelegate.swift in Sources */ = {isa = PBXBuildFile; fileRef = F38B9621248D022D0085B82C /* SceneDelegate.swift */; };
		F38B9624248D022D0085B82C /* ViewController.swift in Sources */ = {isa = PBXBuildFile; fileRef = F38B9623248D022D0085B82C /* ViewController.swift */; };
		F38B9627248D022D0085B82C /* Main.storyboard in Resources */ = {isa = PBXBuildFile; fileRef = F38B9625248D022D0085B82C /* Main.storyboard */; };
		F38B9629248D022F0085B82C /* Assets.xcassets in Resources */ = {isa = PBXBuildFile; fileRef = F38B9628248D022F0085B82C /* Assets.xcassets */; };
		F38B962C248D022F0085B82C /* LaunchScreen.storyboard in Resources */ = {isa = PBXBuildFile; fileRef = F38B962A248D022F0085B82C /* LaunchScreen.storyboard */; };
		F38B9637248D022F0085B82C /* UnitTestSwiftCourseTests.swift in Sources */ = {isa = PBXBuildFile; fileRef = F38B9636248D022F0085B82C /* UnitTestSwiftCourseTests.swift */; };
		F38B9643248D08620085B82C /* Calculator.swift in Sources */ = {isa = PBXBuildFile; fileRef = F38B9642248D08620085B82C /* Calculator.swift */; };
		F38B9646248D0B580085B82C /* CalculatorTests.swift in Sources */ = {isa = PBXBuildFile; fileRef = F38B9645248D0B580085B82C /* CalculatorTests.swift */; };
/* End PBXBuildFile section */

/* Begin PBXContainerItemProxy section */
		F38B9633248D022F0085B82C /* PBXContainerItemProxy */ = {
			isa = PBXContainerItemProxy;
			containerPortal = F38B9614248D022D0085B82C /* Project object */;
			proxyType = 1;
			remoteGlobalIDString = F38B961B248D022D0085B82C;
			remoteInfo = UnitTestSwiftCourse;
		};
/* End PBXContainerItemProxy section */

/* Begin PBXFileReference section */
		F38B961C248D022D0085B82C /* UnitTestSwiftCourse.app */ = {isa = PBXFileReference; explicitFileType = wrapper.application; includeInIndex = 0; path = UnitTestSwiftCourse.app; sourceTree = BUILT_PRODUCTS_DIR; };
		F38B961F248D022D0085B82C /* AppDelegate.swift */ = {isa = PBXFileReference; lastKnownFileType = sourcecode.swift; path = AppDelegate.swift; sourceTree = "<group>"; };
		F38B9621248D022D0085B82C /* SceneDelegate.swift */ = {isa = PBXFileReference; lastKnownFileType = sourcecode.swift; path = SceneDelegate.swift; sourceTree = "<group>"; };
		F38B9623248D022D0085B82C /* ViewController.swift */ = {isa = PBXFileReference; lastKnownFileType = sourcecode.swift; path = ViewController.swift; sourceTree = "<group>"; };
		F38B9626248D022D0085B82C /* Base */ = {isa = PBXFileReference; lastKnownFileType = file.storyboard; name = Base; path = Base.lproj/Main.storyboard; sourceTree = "<group>"; };
		F38B9628248D022F0085B82C /* Assets.xcassets */ = {isa = PBXFileReference; lastKnownFileType = folder.assetcatalog; path = Assets.xcassets; sourceTree = "<group>"; };
		F38B962B248D022F0085B82C /* Base */ = {isa = PBXFileReference; lastKnownFileType = file.storyboard; name = Base; path = Base.lproj/LaunchScreen.storyboard; sourceTree = "<group>"; };
		F38B962D248D022F0085B82C /* Info.plist */ = {isa = PBXFileReference; lastKnownFileType = text.plist.xml; path = Info.plist; sourceTree = "<group>"; };
		F38B9632248D022F0085B82C /* UnitTestSwiftCourseTests.xctest */ = {isa = PBXFileReference; explicitFileType = wrapper.cfbundle; includeInIndex = 0; path = UnitTestSwiftCourseTests.xctest; sourceTree = BUILT_PRODUCTS_DIR; };
		F38B9636248D022F0085B82C /* UnitTestSwiftCourseTests.swift */ = {isa = PBXFileReference; lastKnownFileType = sourcecode.swift; path = UnitTestSwiftCourseTests.swift; sourceTree = "<group>"; };
		F38B9638248D022F0085B82C /* Info.plist */ = {isa = PBXFileReference; lastKnownFileType = text.plist.xml; path = Info.plist; sourceTree = "<group>"; };
		F38B9642248D08620085B82C /* Calculator.swift */ = {isa = PBXFileReference; lastKnownFileType = sourcecode.swift; path = Calculator.swift; sourceTree = "<group>"; };
		F38B9645248D0B580085B82C /* CalculatorTests.swift */ = {isa = PBXFileReference; lastKnownFileType = sourcecode.swift; path = CalculatorTests.swift; sourceTree = "<group>"; };
/* End PBXFileReference section */

/* Begin PBXFrameworksBuildPhase section */
		F38B9619248D022D0085B82C /* Frameworks */ = {
			isa = PBXFrameworksBuildPhase;
			buildActionMask = 2147483647;
			files = (
			);
			runOnlyForDeploymentPostprocessing = 0;
		};
		F38B962F248D022F0085B82C /* Frameworks */ = {
			isa = PBXFrameworksBuildPhase;
			buildActionMask = 2147483647;
			files = (
			);
			runOnlyForDeploymentPostprocessing = 0;
		};
/* End PBXFrameworksBuildPhase section */

/* Begin PBXGroup section */
		F38B9613248D022D0085B82C = {
			isa = PBXGroup;
			children = (
				F38B961E248D022D0085B82C /* UnitTestSwiftCourse */,
				F38B9635248D022F0085B82C /* UnitTestSwiftCourseTests */,
				F38B961D248D022D0085B82C /* Products */,
			);
			sourceTree = "<group>";
		};
		F38B961D248D022D0085B82C /* Products */ = {
			isa = PBXGroup;
			children = (
				F38B961C248D022D0085B82C /* UnitTestSwiftCourse.app */,
				F38B9632248D022F0085B82C /* UnitTestSwiftCourseTests.xctest */,
			);
			name = Products;
			sourceTree = "<group>";
		};
		F38B961E248D022D0085B82C /* UnitTestSwiftCourse */ = {
			isa = PBXGroup;
			children = (
				F38B9641248D08510085B82C /* xctest */,
				F38B961F248D022D0085B82C /* AppDelegate.swift */,
				F38B9621248D022D0085B82C /* SceneDelegate.swift */,
				F38B9623248D022D0085B82C /* ViewController.swift */,
				F38B9625248D022D0085B82C /* Main.storyboard */,
				F38B9628248D022F0085B82C /* Assets.xcassets */,
				F38B962A248D022F0085B82C /* LaunchScreen.storyboard */,
				F38B962D248D022F0085B82C /* Info.plist */,
			);
			path = UnitTestSwiftCourse;
			sourceTree = "<group>";
		};
		F38B9635248D022F0085B82C /* UnitTestSwiftCourseTests */ = {
			isa = PBXGroup;
			children = (
				F38B9644248D0B160085B82C /* xctest */,
				F38B9636248D022F0085B82C /* UnitTestSwiftCourseTests.swift */,
				F38B9638248D022F0085B82C /* Info.plist */,
			);
			path = UnitTestSwiftCourseTests;
			sourceTree = "<group>";
		};
		F38B9641248D08510085B82C /* xctest */ = {
			isa = PBXGroup;
			children = (
				F38B9642248D08620085B82C /* Calculator.swift */,
			);
			path = xctest;
			sourceTree = "<group>";
		};
		F38B9644248D0B160085B82C /* xctest */ = {
			isa = PBXGroup;
			children = (
				F38B9645248D0B580085B82C /* CalculatorTests.swift */,
			);
			path = xctest;
			sourceTree = "<group>";
		};
/* End PBXGroup section */

/* Begin PBXNativeTarget section */
		F38B961B248D022D0085B82C /* UnitTestSwiftCourse */ = {
			isa = PBXNativeTarget;
			buildConfigurationList = F38B963B248D022F0085B82C /* Build configuration list for PBXNativeTarget "UnitTestSwiftCourse" */;
			buildPhases = (
				F38B9618248D022D0085B82C /* Sources */,
				F38B9619248D022D0085B82C /* Frameworks */,
				F38B961A248D022D0085B82C /* Resources */,
			);
			buildRules = (
			);
			dependencies = (
			);
			name = UnitTestSwiftCourse;
			productName = UnitTestSwiftCourse;
			productReference = F38B961C248D022D0085B82C /* UnitTestSwiftCourse.app */;
			productType = "com.apple.product-type.application";
		};
		F38B9631248D022F0085B82C /* UnitTestSwiftCourseTests */ = {
			isa = PBXNativeTarget;
			buildConfigurationList = F38B963E248D022F0085B82C /* Build configuration list for PBXNativeTarget "UnitTestSwiftCourseTests" */;
			buildPhases = (
				F38B962E248D022F0085B82C /* Sources */,
				F38B962F248D022F0085B82C /* Frameworks */,
				F38B9630248D022F0085B82C /* Resources */,
			);
			buildRules = (
			);
			dependencies = (
				F38B9634248D022F0085B82C /* PBXTargetDependency */,
			);
			name = UnitTestSwiftCourseTests;
			productName = UnitTestSwiftCourseTests;
			productReference = F38B9632248D022F0085B82C /* UnitTestSwiftCourseTests.xctest */;
			productType = "com.apple.product-type.bundle.unit-test";
		};
/* End PBXNativeTarget section */

/* Begin PBXProject section */
		F38B9614248D022D0085B82C /* Project object */ = {
			isa = PBXProject;
			attributes = {
				LastSwiftUpdateCheck = 1140;
				LastUpgradeCheck = 1140;
				ORGANIZATIONNAME = "Alberto Palomar Robledo";
				TargetAttributes = {
					F38B961B248D022D0085B82C = {
						CreatedOnToolsVersion = 11.4.1;
					};
					F38B9631248D022F0085B82C = {
						CreatedOnToolsVersion = 11.4.1;
						TestTargetID = F38B961B248D022D0085B82C;
					};
				};
			};
			buildConfigurationList = F38B9617248D022D0085B82C /* Build configuration list for PBXProject "UnitTestSwiftCourse" */;
			compatibilityVersion = "Xcode 9.3";
			developmentRegion = en;
			hasScannedForEncodings = 0;
			knownRegions = (
				en,
				Base,
			);
			mainGroup = F38B9613248D022D0085B82C;
			productRefGroup = F38B961D248D022D0085B82C /* Products */;
			projectDirPath = "";
			projectRoot = "";
			targets = (
				F38B961B248D022D0085B82C /* UnitTestSwiftCourse */,
				F38B9631248D022F0085B82C /* UnitTestSwiftCourseTests */,
			);
		};
/* End PBXProject section */

/* Begin PBXResourcesBuildPhase section */
		F38B961A248D022D0085B82C /* Resources */ = {
			isa = PBXResourcesBuildPhase;
			buildActionMask = 2147483647;
			files = (
				F38B962C248D022F0085B82C /* LaunchScreen.storyboard in Resources */,
				F38B9629248D022F0085B82C /* Assets.xcassets in Resources */,
				F38B9627248D022D0085B82C /* Main.storyboard in Resources */,
			);
			runOnlyForDeploymentPostprocessing = 0;
		};
		F38B9630248D022F0085B82C /* Resources */ = {
			isa = PBXResourcesBuildPhase;
			buildActionMask = 2147483647;
			files = (
			);
			runOnlyForDeploymentPostprocessing = 0;
		};
/* End PBXResourcesBuildPhase section */

/* Begin PBXSourcesBuildPhase section */
		F38B9618248D022D0085B82C /* Sources */ = {
			isa = PBXSourcesBuildPhase;
			buildActionMask = 2147483647;
			files = (
				F38B9624248D022D0085B82C /* ViewController.swift in Sources */,
				F38B9643248D08620085B82C /* Calculator.swift in Sources */,
				F38B9620248D022D0085B82C /* AppDelegate.swift in Sources */,
				F38B9622248D022D0085B82C /* SceneDelegate.swift in Sources */,
			);
			runOnlyForDeploymentPostprocessing = 0;
		};
		F38B962E248D022F0085B82C /* Sources */ = {
			isa = PBXSourcesBuildPhase;
			buildActionMask = 2147483647;
			files = (
				F38B9637248D022F0085B82C /* UnitTestSwiftCourseTests.swift in Sources */,
				F38B9646248D0B580085B82C /* CalculatorTests.swift in Sources */,
			);
			runOnlyForDeploymentPostprocessing = 0;
		};
/* End PBXSourcesBuildPhase section */

/* Begin PBXTargetDependency section */
		F38B9634248D022F0085B82C /* PBXTargetDependency */ = {
			isa = PBXTargetDependency;
			target = F38B961B248D022D0085B82C /* UnitTestSwiftCourse */;
			targetProxy = F38B9633248D022F0085B82C /* PBXContainerItemProxy */;
		};
/* End PBXTargetDependency section */

/* Begin PBXVariantGroup section */
		F38B9625248D022D0085B82C /* Main.storyboard */ = {
			isa = PBXVariantGroup;
			children = (
				F38B9626248D022D0085B82C /* Base */,
			);
			name = Main.storyboard;
			sourceTree = "<group>";
		};
		F38B962A248D022F0085B82C /* LaunchScreen.storyboard */ = {
			isa = PBXVariantGroup;
			children = (
				F38B962B248D022F0085B82C /* Base */,
			);
			name = LaunchScreen.storyboard;
			sourceTree = "<group>";
		};
/* End PBXVariantGroup section */

/* Begin XCBuildConfiguration section */
		F38B9639248D022F0085B82C /* Debug */ = {
			isa = XCBuildConfiguration;
			buildSettings = {
				ALWAYS_SEARCH_USER_PATHS = NO;
				CLANG_ANALYZER_NONNULL = YES;
				CLANG_ANALYZER_NUMBER_OBJECT_CONVERSION = YES_AGGRESSIVE;
				CLANG_CXX_LANGUAGE_STANDARD = "gnu++14";
				CLANG_CXX_LIBRARY = "libc++";
				CLANG_ENABLE_MODULES = YES;
				CLANG_ENABLE_OBJC_ARC = YES;
				CLANG_ENABLE_OBJC_WEAK = YES;
				CLANG_WARN_BLOCK_CAPTURE_AUTORELEASING = YES;
				CLANG_WARN_BOOL_CONVERSION = YES;
				CLANG_WARN_COMMA = YES;
				CLANG_WARN_CONSTANT_CONVERSION = YES;
				CLANG_WARN_DEPRECATED_OBJC_IMPLEMENTATIONS = YES;
				CLANG_WARN_DIRECT_OBJC_ISA_USAGE = YES_ERROR;
				CLANG_WARN_DOCUMENTATION_COMMENTS = YES;
				CLANG_WARN_EMPTY_BODY = YES;
				CLANG_WARN_ENUM_CONVERSION = YES;
				CLANG_WARN_INFINITE_RECURSION = YES;
				CLANG_WARN_INT_CONVERSION = YES;
				CLANG_WARN_NON_LITERAL_NULL_CONVERSION = YES;
				CLANG_WARN_OBJC_IMPLICIT_RETAIN_SELF = YES;
				CLANG_WARN_OBJC_LITERAL_CONVERSION = YES;
				CLANG_WARN_OBJC_ROOT_CLASS = YES_ERROR;
				CLANG_WARN_RANGE_LOOP_ANALYSIS = YES;
				CLANG_WARN_STRICT_PROTOTYPES = YES;
				CLANG_WARN_SUSPICIOUS_MOVE = YES;
				CLANG_WARN_UNGUARDED_AVAILABILITY = YES_AGGRESSIVE;
				CLANG_WARN_UNREACHABLE_CODE = YES;
				CLANG_WARN__DUPLICATE_METHOD_MATCH = YES;
				COPY_PHASE_STRIP = NO;
				DEBUG_INFORMATION_FORMAT = dwarf;
				ENABLE_STRICT_OBJC_MSGSEND = YES;
				ENABLE_TESTABILITY = YES;
				GCC_C_LANGUAGE_STANDARD = gnu11;
				GCC_DYNAMIC_NO_PIC = NO;
				GCC_NO_COMMON_BLOCKS = YES;
				GCC_OPTIMIZATION_LEVEL = 0;
				GCC_PREPROCESSOR_DEFINITIONS = (
					"DEBUG=1",
					"$(inherited)",
				);
				GCC_WARN_64_TO_32_BIT_CONVERSION = YES;
				GCC_WARN_ABOUT_RETURN_TYPE = YES_ERROR;
				GCC_WARN_UNDECLARED_SELECTOR = YES;
				GCC_WARN_UNINITIALIZED_AUTOS = YES_AGGRESSIVE;
				GCC_WARN_UNUSED_FUNCTION = YES;
				GCC_WARN_UNUSED_VARIABLE = YES;
				IPHONEOS_DEPLOYMENT_TARGET = 13.4;
				MTL_ENABLE_DEBUG_INFO = INCLUDE_SOURCE;
				MTL_FAST_MATH = YES;
				ONLY_ACTIVE_ARCH = YES;
				SDKROOT = iphoneos;
				SWIFT_ACTIVE_COMPILATION_CONDITIONS = DEBUG;
				SWIFT_OPTIMIZATION_LEVEL = "-Onone";
			};
			name = Debug;
		};
		F38B963A248D022F0085B82C /* Release */ = {
			isa = XCBuildConfiguration;
			buildSettings = {
				ALWAYS_SEARCH_USER_PATHS = NO;
				CLANG_ANALYZER_NONNULL = YES;
				CLANG_ANALYZER_NUMBER_OBJECT_CONVERSION = YES_AGGRESSIVE;
				CLANG_CXX_LANGUAGE_STANDARD = "gnu++14";
				CLANG_CXX_LIBRARY = "libc++";
				CLANG_ENABLE_MODULES = YES;
				CLANG_ENABLE_OBJC_ARC = YES;
				CLANG_ENABLE_OBJC_WEAK = YES;
				CLANG_WARN_BLOCK_CAPTURE_AUTORELEASING = YES;
				CLANG_WARN_BOOL_CONVERSION = YES;
				CLANG_WARN_COMMA = YES;
				CLANG_WARN_CONSTANT_CONVERSION = YES;
				CLANG_WARN_DEPRECATED_OBJC_IMPLEMENTATIONS = YES;
				CLANG_WARN_DIRECT_OBJC_ISA_USAGE = YES_ERROR;
				CLANG_WARN_DOCUMENTATION_COMMENTS = YES;
				CLANG_WARN_EMPTY_BODY = YES;
				CLANG_WARN_ENUM_CONVERSION = YES;
				CLANG_WARN_INFINITE_RECURSION = YES;
				CLANG_WARN_INT_CONVERSION = YES;
				CLANG_WARN_NON_LITERAL_NULL_CONVERSION = YES;
				CLANG_WARN_OBJC_IMPLICIT_RETAIN_SELF = YES;
				CLANG_WARN_OBJC_LITERAL_CONVERSION = YES;
				CLANG_WARN_OBJC_ROOT_CLASS = YES_ERROR;
				CLANG_WARN_RANGE_LOOP_ANALYSIS = YES;
				CLANG_WARN_STRICT_PROTOTYPES = YES;
				CLANG_WARN_SUSPICIOUS_MOVE = YES;
				CLANG_WARN_UNGUARDED_AVAILABILITY = YES_AGGRESSIVE;
				CLANG_WARN_UNREACHABLE_CODE = YES;
				CLANG_WARN__DUPLICATE_METHOD_MATCH = YES;
				COPY_PHASE_STRIP = NO;
				DEBUG_INFORMATION_FORMAT = "dwarf-with-dsym";
				ENABLE_NS_ASSERTIONS = NO;
				ENABLE_STRICT_OBJC_MSGSEND = YES;
				GCC_C_LANGUAGE_STANDARD = gnu11;
				GCC_NO_COMMON_BLOCKS = YES;
				GCC_WARN_64_TO_32_BIT_CONVERSION = YES;
				GCC_WARN_ABOUT_RETURN_TYPE = YES_ERROR;
				GCC_WARN_UNDECLARED_SELECTOR = YES;
				GCC_WARN_UNINITIALIZED_AUTOS = YES_AGGRESSIVE;
				GCC_WARN_UNUSED_FUNCTION = YES;
				GCC_WARN_UNUSED_VARIABLE = YES;
				IPHONEOS_DEPLOYMENT_TARGET = 13.4;
				MTL_ENABLE_DEBUG_INFO = NO;
				MTL_FAST_MATH = YES;
				SDKROOT = iphoneos;
				SWIFT_COMPILATION_MODE = wholemodule;
				SWIFT_OPTIMIZATION_LEVEL = "-O";
				VALIDATE_PRODUCT = YES;
			};
			name = Release;
		};
		F38B963C248D022F0085B82C /* Debug */ = {
			isa = XCBuildConfiguration;
			buildSettings = {
				ASSETCATALOG_COMPILER_APPICON_NAME = AppIcon;
				CODE_SIGN_STYLE = Automatic;
				INFOPLIST_FILE = UnitTestSwiftCourse/Info.plist;
				LD_RUNPATH_SEARCH_PATHS = (
					"$(inherited)",
					"@executable_path/Frameworks",
				);
				PRODUCT_BUNDLE_IDENTIFIER = Alberto.UnitTestSwiftCourse;
				PRODUCT_NAME = "$(TARGET_NAME)";
				SWIFT_VERSION = 5.0;
				TARGETED_DEVICE_FAMILY = "1,2";
			};
			name = Debug;
		};
		F38B963D248D022F0085B82C /* Release */ = {
			isa = XCBuildConfiguration;
			buildSettings = {
				ASSETCATALOG_COMPILER_APPICON_NAME = AppIcon;
				CODE_SIGN_STYLE = Automatic;
				INFOPLIST_FILE = UnitTestSwiftCourse/Info.plist;
				LD_RUNPATH_SEARCH_PATHS = (
					"$(inherited)",
					"@executable_path/Frameworks",
				);
				PRODUCT_BUNDLE_IDENTIFIER = Alberto.UnitTestSwiftCourse;
				PRODUCT_NAME = "$(TARGET_NAME)";
				SWIFT_VERSION = 5.0;
				TARGETED_DEVICE_FAMILY = "1,2";
			};
			name = Release;
		};
		F38B963F248D022F0085B82C /* Debug */ = {
			isa = XCBuildConfiguration;
			buildSettings = {
				ALWAYS_EMBED_SWIFT_STANDARD_LIBRARIES = YES;
				BUNDLE_LOADER = "$(TEST_HOST)";
				CODE_SIGN_STYLE = Automatic;
				INFOPLIST_FILE = UnitTestSwiftCourseTests/Info.plist;
				IPHONEOS_DEPLOYMENT_TARGET = 13.4;
				LD_RUNPATH_SEARCH_PATHS = (
					"$(inherited)",
					"@executable_path/Frameworks",
					"@loader_path/Frameworks",
				);
				PRODUCT_BUNDLE_IDENTIFIER = Alberto.UnitTestSwiftCourseTests;
				PRODUCT_NAME = "$(TARGET_NAME)";
				SWIFT_VERSION = 5.0;
				TARGETED_DEVICE_FAMILY = "1,2";
				TEST_HOST = "$(BUILT_PRODUCTS_DIR)/UnitTestSwiftCourse.app/UnitTestSwiftCourse";
			};
			name = Debug;
		};
		F38B9640248D022F0085B82C /* Release */ = {
			isa = XCBuildConfiguration;
			buildSettings = {
				ALWAYS_EMBED_SWIFT_STANDARD_LIBRARIES = YES;
				BUNDLE_LOADER = "$(TEST_HOST)";
				CODE_SIGN_STYLE = Automatic;
				INFOPLIST_FILE = UnitTestSwiftCourseTests/Info.plist;
				IPHONEOS_DEPLOYMENT_TARGET = 13.4;
				LD_RUNPATH_SEARCH_PATHS = (
					"$(inherited)",
					"@executable_path/Frameworks",
					"@loader_path/Frameworks",
				);
				PRODUCT_BUNDLE_IDENTIFIER = Alberto.UnitTestSwiftCourseTests;
				PRODUCT_NAME = "$(TARGET_NAME)";
				SWIFT_VERSION = 5.0;
				TARGETED_DEVICE_FAMILY = "1,2";
				TEST_HOST = "$(BUILT_PRODUCTS_DIR)/UnitTestSwiftCourse.app/UnitTestSwiftCourse";
			};
			name = Release;
		};
/* End XCBuildConfiguration section */

/* Begin XCConfigurationList section */
		F38B9617248D022D0085B82C /* Build configuration list for PBXProject "UnitTestSwiftCourse" */ = {
			isa = XCConfigurationList;
			buildConfigurations = (
				F38B9639248D022F0085B82C /* Debug */,
				F38B963A248D022F0085B82C /* Release */,
			);
			defaultConfigurationIsVisible = 0;
			defaultConfigurationName = Release;
		};
		F38B963B248D022F0085B82C /* Build configuration list for PBXNativeTarget "UnitTestSwiftCourse" */ = {
			isa = XCConfigurationList;
			buildConfigurations = (
				F38B963C248D022F0085B82C /* Debug */,
				F38B963D248D022F0085B82C /* Release */,
			);
			defaultConfigurationIsVisible = 0;
			defaultConfigurationName = Release;
		};
		F38B963E248D022F0085B82C /* Build configuration list for PBXNativeTarget "UnitTestSwiftCourseTests" */ = {
			isa = XCConfigurationList;
			buildConfigurations = (
				F38B963F248D022F0085B82C /* Debug */,
				F38B9640248D022F0085B82C /* Release */,
			);
			defaultConfigurationIsVisible = 0;
			defaultConfigurationName = Release;
		};
/* End XCConfigurationList section */
	};
	rootObject = F38B9614248D022D0085B82C /* Project object */;
}
